
Microsoft Visual Studio Solution File, Format Version 12.00
# Visual Studio Version 16
VisualStudioVersion = 16.0.28803.452
MinimumVisualStudioVersion = 10.0.40219.1
Project("{FAE04EC0-301F-11D3-BF4B-00C04F79EFBC}") = "TryCatch", "TryCatch\TryCatch.csproj", "{E42E2700-854A-4DF6-AAEF-594E635DEA43}"
EndProject
Global
	GlobalSection(SolutionConfigurationPlatforms) = preSolution
		Debug|Any CPU = Debug|Any CPU
		Release|Any CPU = Release|Any CPU
	EndGlobalSection
	GlobalSection(ProjectConfigurationPlatforms) = postSolution
		{E42E2700-854A-4DF6-AAEF-594E635DEA43}.Debug|Any CPU.ActiveCfg = Debug|Any CPU
		{E42E2700-854A-4DF6-AAEF-594E635DEA43}.Debug|Any CPU.Build.0 = Debug|Any CPU
		{E42E2700-854A-4DF6-AAEF-594E635DEA43}.Release|Any CPU.ActiveCfg = Release|Any CPU
		{E42E2700-854A-4DF6-AAEF-594E635DEA43}.Release|Any CPU.Build.0 = Release|Any CPU
	EndGlobalSection
	GlobalSection(SolutionProperties) = preSolution
		HideSolutionNode = FALSE
	EndGlobalSection
	GlobalSection(ExtensibilityGlobals) = postSolution
		SolutionGuid = {4794BE36-D698-4F60-B3EA-ADB64109515F}
	EndGlobalSection
EndGlobal
