
Microsoft Visual Studio Solution File, Format Version 12.00
# Visual Studio Version 16
VisualStudioVersion = 16.0.28803.452
MinimumVisualStudioVersion = 10.0.40219.1
Project("{FAE04EC0-301F-11D3-BF4B-00C04F79EFBC}") = "IfStatementChallenge2--GameScore", "IfStatementChallenge2--GameScore\IfStatementChallenge2--GameScore.csproj", "{730C0E52-0922-402C-8864-E66AA7535A1C}"
EndProject
Global
	GlobalSection(SolutionConfigurationPlatforms) = preSolution
		Debug|Any CPU = Debug|Any CPU
		Release|Any CPU = Release|Any CPU
	EndGlobalSection
	GlobalSection(ProjectConfigurationPlatforms) = postSolution
		{730C0E52-0922-402C-8864-E66AA7535A1C}.Debug|Any CPU.ActiveCfg = Debug|Any CPU
		{730C0E52-0922-402C-8864-E66AA7535A1C}.Debug|Any CPU.Build.0 = Debug|Any CPU
		{730C0E52-0922-402C-8864-E66AA7535A1C}.Release|Any CPU.ActiveCfg = Release|Any CPU
		{730C0E52-0922-402C-8864-E66AA7535A1C}.Release|Any CPU.Build.0 = Release|Any CPU
	EndGlobalSection
	GlobalSection(SolutionProperties) = preSolution
		HideSolutionNode = FALSE
	EndGlobalSection
	GlobalSection(ExtensibilityGlobals) = postSolution
		SolutionGuid = {0F8F9C8B-0537-42F4-96EC-8548E76AAC11}
	EndGlobalSection
EndGlobal
