
Microsoft Visual Studio Solution File, Format Version 12.00
# Visual Studio Version 16
VisualStudioVersion = 16.0.28803.452
MinimumVisualStudioVersion = 10.0.40219.1
Project("{FAE04EC0-301F-11D3-BF4B-00C04F79EFBC}") = "loops", "loops\loops.csproj", "{37A6B675-E37C-4958-8638-F6721F89E003}"
EndProject
Global
	GlobalSection(SolutionConfigurationPlatforms) = preSolution
		Debug|Any CPU = Debug|Any CPU
		Release|Any CPU = Release|Any CPU
	EndGlobalSection
	GlobalSection(ProjectConfigurationPlatforms) = postSolution
		{37A6B675-E37C-4958-8638-F6721F89E003}.Debug|Any CPU.ActiveCfg = Debug|Any CPU
		{37A6B675-E37C-4958-8638-F6721F89E003}.Debug|Any CPU.Build.0 = Debug|Any CPU
		{37A6B675-E37C-4958-8638-F6721F89E003}.Release|Any CPU.ActiveCfg = Release|Any CPU
		{37A6B675-E37C-4958-8638-F6721F89E003}.Release|Any CPU.Build.0 = Release|Any CPU
	EndGlobalSection
	GlobalSection(SolutionProperties) = preSolution
		HideSolutionNode = FALSE
	EndGlobalSection
	GlobalSection(ExtensibilityGlobals) = postSolution
		SolutionGuid = {36465DF0-A6FC-4CF9-9F26-9EA5913B00ED}
	EndGlobalSection
EndGlobal
